
Microsoft Visual Studio Solution File, Format Version 12.00
# Visual Studio Version 17
VisualStudioVersion = 17.10.35027.167
MinimumVisualStudioVersion = 10.0.40219.1
Project("{FAE04EC0-301F-11D3-BF4B-00C04F79EFBC}") = "RannaTask2.DataAccess", "RannaTask2.DataAccess\RannaTask2.DataAccess.csproj", "{EC98D59F-A9C4-4476-B04D-6AFE7314DBE4}"
EndProject
Project("{FAE04EC0-301F-11D3-BF4B-00C04F79EFBC}") = "RannaTask2.Business", "RannaTask2.Business\RannaTask2.Business.csproj", "{91ABC9B0-8DDD-4D5A-BEED-873CDFCA1320}"
EndProject
Project("{FAE04EC0-301F-11D3-BF4B-00C04F79EFBC}") = "RannaTask2.API", "RannaTask2.API\RannaTask2.API.csproj", "{AA748E6B-F369-48D0-A7A0-45612BD79370}"
EndProject
Global
	GlobalSection(SolutionConfigurationPlatforms) = preSolution
		Debug|Any CPU = Debug|Any CPU
		Release|Any CPU = Release|Any CPU
	EndGlobalSection
	GlobalSection(ProjectConfigurationPlatforms) = postSolution
		{EC98D59F-A9C4-4476-B04D-6AFE7314DBE4}.Debug|Any CPU.ActiveCfg = Debug|Any CPU
		{EC98D59F-A9C4-4476-B04D-6AFE7314DBE4}.Debug|Any CPU.Build.0 = Debug|Any CPU
		{EC98D59F-A9C4-4476-B04D-6AFE7314DBE4}.Release|Any CPU.ActiveCfg = Release|Any CPU
		{EC98D59F-A9C4-4476-B04D-6AFE7314DBE4}.Release|Any CPU.Build.0 = Release|Any CPU
		{91ABC9B0-8DDD-4D5A-BEED-873CDFCA1320}.Debug|Any CPU.ActiveCfg = Debug|Any CPU
		{91ABC9B0-8DDD-4D5A-BEED-873CDFCA1320}.Debug|Any CPU.Build.0 = Debug|Any CPU
		{91ABC9B0-8DDD-4D5A-BEED-873CDFCA1320}.Release|Any CPU.ActiveCfg = Release|Any CPU
		{91ABC9B0-8DDD-4D5A-BEED-873CDFCA1320}.Release|Any CPU.Build.0 = Release|Any CPU
		{AA748E6B-F369-48D0-A7A0-45612BD79370}.Debug|Any CPU.ActiveCfg = Debug|Any CPU
		{AA748E6B-F369-48D0-A7A0-45612BD79370}.Debug|Any CPU.Build.0 = Debug|Any CPU
		{AA748E6B-F369-48D0-A7A0-45612BD79370}.Release|Any CPU.ActiveCfg = Release|Any CPU
		{AA748E6B-F369-48D0-A7A0-45612BD79370}.Release|Any CPU.Build.0 = Release|Any CPU
	EndGlobalSection
	GlobalSection(SolutionProperties) = preSolution
		HideSolutionNode = FALSE
	EndGlobalSection
	GlobalSection(ExtensibilityGlobals) = postSolution
		SolutionGuid = {A22E6472-5C39-419F-B896-BC516FADAF46}
	EndGlobalSection
EndGlobal
